
Microsoft Visual Studio Solution File, Format Version 12.00
# Visual Studio 15
VisualStudioVersion = 15.0.27703.2042
MinimumVisualStudioVersion = 10.0.40219.1
Project("{FAE04EC0-301F-11D3-BF4B-00C04F79EFBC}") = "IdentityDemo2", "IdentityDemo2\IdentityDemo2.csproj", "{0FFBA2CD-D63B-4AF6-B44D-3101C71AE578}"
EndProject
Global
	GlobalSection(SolutionConfigurationPlatforms) = preSolution
		Debug|Any CPU = Debug|Any CPU
		Release|Any CPU = Release|Any CPU
	EndGlobalSection
	GlobalSection(ProjectConfigurationPlatforms) = postSolution
		{0FFBA2CD-D63B-4AF6-B44D-3101C71AE578}.Debug|Any CPU.ActiveCfg = Debug|Any CPU
		{0FFBA2CD-D63B-4AF6-B44D-3101C71AE578}.Debug|Any CPU.Build.0 = Debug|Any CPU
		{0FFBA2CD-D63B-4AF6-B44D-3101C71AE578}.Release|Any CPU.ActiveCfg = Release|Any CPU
		{0FFBA2CD-D63B-4AF6-B44D-3101C71AE578}.Release|Any CPU.Build.0 = Release|Any CPU
	EndGlobalSection
	GlobalSection(SolutionProperties) = preSolution
		HideSolutionNode = FALSE
	EndGlobalSection
	GlobalSection(ExtensibilityGlobals) = postSolution
		SolutionGuid = {162B3232-25F9-4F5F-A7B5-08DD09F7B7F6}
	EndGlobalSection
EndGlobal
